
Microsoft Visual Studio Solution File, Format Version 12.00
# Visual Studio Version 17
VisualStudioVersion = 17.6.33723.286
MinimumVisualStudioVersion = 10.0.40219.1
Project("{FAE04EC0-301F-11D3-BF4B-00C04F79EFBC}") = "CustomDesign", "CustomDesign.csproj", "{13AD8050-1966-4C84-A4EF-E935B41B0454}"
EndProject
Project("{FAE04EC0-301F-11D3-BF4B-00C04F79EFBC}") = "CameraControl.Devices", "CameraControl.Devices\CameraControl.Devices.csproj", "{E8572D8B-C987-4D20-BD88-1F8925A64A82}"
EndProject
Project("{FAE04EC0-301F-11D3-BF4B-00C04F79EFBC}") = "PortableDeviceLib", "PortableDeviceLib\PortableDeviceLib.csproj", "{E9F048C1-C6A0-4CCD-BE57-4E76A7F8B32D}"
EndProject
Project("{FAE04EC0-301F-11D3-BF4B-00C04F79EFBC}") = "DesignerCanvas", "DesignerCanvas\DesignerCanvas.csproj", "{95510603-051A-4A86-B8AF-B8683501D6AD}"
EndProject
Project("{FAE04EC0-301F-11D3-BF4B-00C04F79EFBC}") = "Canon.Eos.Framework", "Canon.Eos.Framework\Canon.Eos.Framework.csproj", "{F809DBB6-E0E8-47A8-92ED-C24575576A5D}"
EndProject
Project("{FAE04EC0-301F-11D3-BF4B-00C04F79EFBC}") = "CameraControl.Core", "CameraControl.Core\CameraControl.Core.csproj", "{741A8DDA-4604-4CF4-8DAA-1F98A2767896}"
EndProject
Project("{FAE04EC0-301F-11D3-BF4B-00C04F79EFBC}") = "CameraControlRemoteCmd", "CameraControlRemoteCmd\CameraControlRemoteCmd.csproj", "{3F9A3D8C-6325-4317-B7C3-4F04EF554C9E}"
EndProject
Project("{FAE04EC0-301F-11D3-BF4B-00C04F79EFBC}") = "CameraControlCmd", "CameraControlCmd\CameraControlCmd.csproj", "{E8F26BBC-4795-47B3-B89B-2296862A976C}"
EndProject
Project("{FAE04EC0-301F-11D3-BF4B-00C04F79EFBC}") = "ZoomAndPan", "ZoomAndPan\ZoomAndPan.csproj", "{468ADEDE-6F5E-40C0-99C9-C6DAC4FAC934}"
EndProject
Project("{FAE04EC0-301F-11D3-BF4B-00C04F79EFBC}") = "CameraControl", "CameraControl\CameraControl.csproj", "{CD20011B-67C3-45A4-B69D-C7A9E8481550}"
EndProject
Global
	GlobalSection(SolutionConfigurationPlatforms) = preSolution
		Capture.Workflow|Any CPU = Capture.Workflow|Any CPU
		Capture.Workflow|x64 = Capture.Workflow|x64
		Capture.Workflow|x86 = Capture.Workflow|x86
		Debug|Any CPU = Debug|Any CPU
		Debug|x64 = Debug|x64
		Debug|x86 = Debug|x86
		Release|Any CPU = Release|Any CPU
		Release|x64 = Release|x64
		Release|x86 = Release|x86
	EndGlobalSection
	GlobalSection(ProjectConfigurationPlatforms) = postSolution
		{13AD8050-1966-4C84-A4EF-E935B41B0454}.Capture.Workflow|Any CPU.ActiveCfg = Debug|Any CPU
		{13AD8050-1966-4C84-A4EF-E935B41B0454}.Capture.Workflow|Any CPU.Build.0 = Debug|Any CPU
		{13AD8050-1966-4C84-A4EF-E935B41B0454}.Capture.Workflow|x64.ActiveCfg = Debug|Any CPU
		{13AD8050-1966-4C84-A4EF-E935B41B0454}.Capture.Workflow|x64.Build.0 = Debug|Any CPU
		{13AD8050-1966-4C84-A4EF-E935B41B0454}.Capture.Workflow|x86.ActiveCfg = Debug|Any CPU
		{13AD8050-1966-4C84-A4EF-E935B41B0454}.Capture.Workflow|x86.Build.0 = Debug|Any CPU
		{13AD8050-1966-4C84-A4EF-E935B41B0454}.Debug|Any CPU.ActiveCfg = Debug|Any CPU
		{13AD8050-1966-4C84-A4EF-E935B41B0454}.Debug|Any CPU.Build.0 = Debug|Any CPU
		{13AD8050-1966-4C84-A4EF-E935B41B0454}.Debug|x64.ActiveCfg = Debug|Any CPU
		{13AD8050-1966-4C84-A4EF-E935B41B0454}.Debug|x64.Build.0 = Debug|Any CPU
		{13AD8050-1966-4C84-A4EF-E935B41B0454}.Debug|x86.ActiveCfg = Debug|Any CPU
		{13AD8050-1966-4C84-A4EF-E935B41B0454}.Debug|x86.Build.0 = Debug|Any CPU
		{13AD8050-1966-4C84-A4EF-E935B41B0454}.Release|Any CPU.ActiveCfg = Release|Any CPU
		{13AD8050-1966-4C84-A4EF-E935B41B0454}.Release|Any CPU.Build.0 = Release|Any CPU
		{13AD8050-1966-4C84-A4EF-E935B41B0454}.Release|x64.ActiveCfg = Release|Any CPU
		{13AD8050-1966-4C84-A4EF-E935B41B0454}.Release|x64.Build.0 = Release|Any CPU
		{13AD8050-1966-4C84-A4EF-E935B41B0454}.Release|x86.ActiveCfg = Release|Any CPU
		{13AD8050-1966-4C84-A4EF-E935B41B0454}.Release|x86.Build.0 = Release|Any CPU
		{E8572D8B-C987-4D20-BD88-1F8925A64A82}.Capture.Workflow|Any CPU.ActiveCfg = Capture.Workflow|Any CPU
		{E8572D8B-C987-4D20-BD88-1F8925A64A82}.Capture.Workflow|Any CPU.Build.0 = Capture.Workflow|Any CPU
		{E8572D8B-C987-4D20-BD88-1F8925A64A82}.Capture.Workflow|x64.ActiveCfg = Capture.Workflow|x64
		{E8572D8B-C987-4D20-BD88-1F8925A64A82}.Capture.Workflow|x64.Build.0 = Capture.Workflow|x64
		{E8572D8B-C987-4D20-BD88-1F8925A64A82}.Capture.Workflow|x86.ActiveCfg = Capture.Workflow|x86
		{E8572D8B-C987-4D20-BD88-1F8925A64A82}.Capture.Workflow|x86.Build.0 = Capture.Workflow|x86
		{E8572D8B-C987-4D20-BD88-1F8925A64A82}.Debug|Any CPU.ActiveCfg = Debug|Any CPU
		{E8572D8B-C987-4D20-BD88-1F8925A64A82}.Debug|Any CPU.Build.0 = Debug|Any CPU
		{E8572D8B-C987-4D20-BD88-1F8925A64A82}.Debug|x64.ActiveCfg = Debug|x64
		{E8572D8B-C987-4D20-BD88-1F8925A64A82}.Debug|x64.Build.0 = Debug|x64
		{E8572D8B-C987-4D20-BD88-1F8925A64A82}.Debug|x86.ActiveCfg = Debug|x86
		{E8572D8B-C987-4D20-BD88-1F8925A64A82}.Debug|x86.Build.0 = Debug|x86
		{E8572D8B-C987-4D20-BD88-1F8925A64A82}.Release|Any CPU.ActiveCfg = Release|Any CPU
		{E8572D8B-C987-4D20-BD88-1F8925A64A82}.Release|Any CPU.Build.0 = Release|Any CPU
		{E8572D8B-C987-4D20-BD88-1F8925A64A82}.Release|x64.ActiveCfg = Release|x64
		{E8572D8B-C987-4D20-BD88-1F8925A64A82}.Release|x64.Build.0 = Release|x64
		{E8572D8B-C987-4D20-BD88-1F8925A64A82}.Release|x86.ActiveCfg = Release|x86
		{E8572D8B-C987-4D20-BD88-1F8925A64A82}.Release|x86.Build.0 = Release|x86
		{E9F048C1-C6A0-4CCD-BE57-4E76A7F8B32D}.Capture.Workflow|Any CPU.ActiveCfg = Capture.Workflow|Any CPU
		{E9F048C1-C6A0-4CCD-BE57-4E76A7F8B32D}.Capture.Workflow|Any CPU.Build.0 = Capture.Workflow|Any CPU
		{E9F048C1-C6A0-4CCD-BE57-4E76A7F8B32D}.Capture.Workflow|x64.ActiveCfg = Capture.Workflow|x64
		{E9F048C1-C6A0-4CCD-BE57-4E76A7F8B32D}.Capture.Workflow|x64.Build.0 = Capture.Workflow|x64
		{E9F048C1-C6A0-4CCD-BE57-4E76A7F8B32D}.Capture.Workflow|x86.ActiveCfg = Capture.Workflow|x86
		{E9F048C1-C6A0-4CCD-BE57-4E76A7F8B32D}.Capture.Workflow|x86.Build.0 = Capture.Workflow|x86
		{E9F048C1-C6A0-4CCD-BE57-4E76A7F8B32D}.Debug|Any CPU.ActiveCfg = Debug|Any CPU
		{E9F048C1-C6A0-4CCD-BE57-4E76A7F8B32D}.Debug|Any CPU.Build.0 = Debug|Any CPU
		{E9F048C1-C6A0-4CCD-BE57-4E76A7F8B32D}.Debug|x64.ActiveCfg = Debug|x64
		{E9F048C1-C6A0-4CCD-BE57-4E76A7F8B32D}.Debug|x64.Build.0 = Debug|x64
		{E9F048C1-C6A0-4CCD-BE57-4E76A7F8B32D}.Debug|x86.ActiveCfg = Debug|x86
		{E9F048C1-C6A0-4CCD-BE57-4E76A7F8B32D}.Debug|x86.Build.0 = Debug|x86
		{E9F048C1-C6A0-4CCD-BE57-4E76A7F8B32D}.Release|Any CPU.ActiveCfg = Release|Any CPU
		{E9F048C1-C6A0-4CCD-BE57-4E76A7F8B32D}.Release|Any CPU.Build.0 = Release|Any CPU
		{E9F048C1-C6A0-4CCD-BE57-4E76A7F8B32D}.Release|x64.ActiveCfg = Release|x64
		{E9F048C1-C6A0-4CCD-BE57-4E76A7F8B32D}.Release|x64.Build.0 = Release|x64
		{E9F048C1-C6A0-4CCD-BE57-4E76A7F8B32D}.Release|x86.ActiveCfg = Release|x86
		{E9F048C1-C6A0-4CCD-BE57-4E76A7F8B32D}.Release|x86.Build.0 = Release|x86
		{95510603-051A-4A86-B8AF-B8683501D6AD}.Capture.Workflow|Any CPU.ActiveCfg = Debug|Any CPU
		{95510603-051A-4A86-B8AF-B8683501D6AD}.Capture.Workflow|Any CPU.Build.0 = Debug|Any CPU
		{95510603-051A-4A86-B8AF-B8683501D6AD}.Capture.Workflow|x64.ActiveCfg = Debug|Any CPU
		{95510603-051A-4A86-B8AF-B8683501D6AD}.Capture.Workflow|x64.Build.0 = Debug|Any CPU
		{95510603-051A-4A86-B8AF-B8683501D6AD}.Capture.Workflow|x86.ActiveCfg = Debug|Any CPU
		{95510603-051A-4A86-B8AF-B8683501D6AD}.Capture.Workflow|x86.Build.0 = Debug|Any CPU
		{95510603-051A-4A86-B8AF-B8683501D6AD}.Debug|Any CPU.ActiveCfg = Debug|Any CPU
		{95510603-051A-4A86-B8AF-B8683501D6AD}.Debug|Any CPU.Build.0 = Debug|Any CPU
		{95510603-051A-4A86-B8AF-B8683501D6AD}.Debug|x64.ActiveCfg = Debug|Any CPU
		{95510603-051A-4A86-B8AF-B8683501D6AD}.Debug|x64.Build.0 = Debug|Any CPU
		{95510603-051A-4A86-B8AF-B8683501D6AD}.Debug|x86.ActiveCfg = Debug|Any CPU
		{95510603-051A-4A86-B8AF-B8683501D6AD}.Debug|x86.Build.0 = Debug|Any CPU
		{95510603-051A-4A86-B8AF-B8683501D6AD}.Release|Any CPU.ActiveCfg = Release|Any CPU
		{95510603-051A-4A86-B8AF-B8683501D6AD}.Release|Any CPU.Build.0 = Release|Any CPU
		{95510603-051A-4A86-B8AF-B8683501D6AD}.Release|x64.ActiveCfg = Release|Any CPU
		{95510603-051A-4A86-B8AF-B8683501D6AD}.Release|x64.Build.0 = Release|Any CPU
		{95510603-051A-4A86-B8AF-B8683501D6AD}.Release|x86.ActiveCfg = Release|Any CPU
		{95510603-051A-4A86-B8AF-B8683501D6AD}.Release|x86.Build.0 = Release|Any CPU
		{F809DBB6-E0E8-47A8-92ED-C24575576A5D}.Capture.Workflow|Any CPU.ActiveCfg = Capture.Workflow|Any CPU
		{F809DBB6-E0E8-47A8-92ED-C24575576A5D}.Capture.Workflow|Any CPU.Build.0 = Capture.Workflow|Any CPU
		{F809DBB6-E0E8-47A8-92ED-C24575576A5D}.Capture.Workflow|x64.ActiveCfg = Capture.Workflow|x64
		{F809DBB6-E0E8-47A8-92ED-C24575576A5D}.Capture.Workflow|x64.Build.0 = Capture.Workflow|x64
		{F809DBB6-E0E8-47A8-92ED-C24575576A5D}.Capture.Workflow|x86.ActiveCfg = Capture.Workflow|x86
		{F809DBB6-E0E8-47A8-92ED-C24575576A5D}.Capture.Workflow|x86.Build.0 = Capture.Workflow|x86
		{F809DBB6-E0E8-47A8-92ED-C24575576A5D}.Debug|Any CPU.ActiveCfg = Debug|Any CPU
		{F809DBB6-E0E8-47A8-92ED-C24575576A5D}.Debug|Any CPU.Build.0 = Debug|Any CPU
		{F809DBB6-E0E8-47A8-92ED-C24575576A5D}.Debug|x64.ActiveCfg = Debug|x64
		{F809DBB6-E0E8-47A8-92ED-C24575576A5D}.Debug|x64.Build.0 = Debug|x64
		{F809DBB6-E0E8-47A8-92ED-C24575576A5D}.Debug|x86.ActiveCfg = Debug|x86
		{F809DBB6-E0E8-47A8-92ED-C24575576A5D}.Debug|x86.Build.0 = Debug|x86
		{F809DBB6-E0E8-47A8-92ED-C24575576A5D}.Release|Any CPU.ActiveCfg = Release|Any CPU
		{F809DBB6-E0E8-47A8-92ED-C24575576A5D}.Release|Any CPU.Build.0 = Release|Any CPU
		{F809DBB6-E0E8-47A8-92ED-C24575576A5D}.Release|x64.ActiveCfg = Release|x64
		{F809DBB6-E0E8-47A8-92ED-C24575576A5D}.Release|x64.Build.0 = Release|x64
		{F809DBB6-E0E8-47A8-92ED-C24575576A5D}.Release|x86.ActiveCfg = Release|x86
		{F809DBB6-E0E8-47A8-92ED-C24575576A5D}.Release|x86.Build.0 = Release|x86
		{741A8DDA-4604-4CF4-8DAA-1F98A2767896}.Capture.Workflow|Any CPU.ActiveCfg = Capture.Workflow|Any CPU
		{741A8DDA-4604-4CF4-8DAA-1F98A2767896}.Capture.Workflow|Any CPU.Build.0 = Capture.Workflow|Any CPU
		{741A8DDA-4604-4CF4-8DAA-1F98A2767896}.Capture.Workflow|x64.ActiveCfg = Capture.Workflow|x64
		{741A8DDA-4604-4CF4-8DAA-1F98A2767896}.Capture.Workflow|x64.Build.0 = Capture.Workflow|x64
		{741A8DDA-4604-4CF4-8DAA-1F98A2767896}.Capture.Workflow|x86.ActiveCfg = Capture.Workflow|x86
		{741A8DDA-4604-4CF4-8DAA-1F98A2767896}.Capture.Workflow|x86.Build.0 = Capture.Workflow|x86
		{741A8DDA-4604-4CF4-8DAA-1F98A2767896}.Debug|Any CPU.ActiveCfg = Debug|Any CPU
		{741A8DDA-4604-4CF4-8DAA-1F98A2767896}.Debug|Any CPU.Build.0 = Debug|Any CPU
		{741A8DDA-4604-4CF4-8DAA-1F98A2767896}.Debug|x64.ActiveCfg = Debug|x64
		{741A8DDA-4604-4CF4-8DAA-1F98A2767896}.Debug|x64.Build.0 = Debug|x64
		{741A8DDA-4604-4CF4-8DAA-1F98A2767896}.Debug|x86.ActiveCfg = Debug|x86
		{741A8DDA-4604-4CF4-8DAA-1F98A2767896}.Debug|x86.Build.0 = Debug|x86
		{741A8DDA-4604-4CF4-8DAA-1F98A2767896}.Release|Any CPU.ActiveCfg = Release|Any CPU
		{741A8DDA-4604-4CF4-8DAA-1F98A2767896}.Release|Any CPU.Build.0 = Release|Any CPU
		{741A8DDA-4604-4CF4-8DAA-1F98A2767896}.Release|x64.ActiveCfg = Release|x64
		{741A8DDA-4604-4CF4-8DAA-1F98A2767896}.Release|x64.Build.0 = Release|x64
		{741A8DDA-4604-4CF4-8DAA-1F98A2767896}.Release|x86.ActiveCfg = Release|x86
		{741A8DDA-4604-4CF4-8DAA-1F98A2767896}.Release|x86.Build.0 = Release|x86
		{3F9A3D8C-6325-4317-B7C3-4F04EF554C9E}.Capture.Workflow|Any CPU.ActiveCfg = Capture.Workflow|Any CPU
		{3F9A3D8C-6325-4317-B7C3-4F04EF554C9E}.Capture.Workflow|Any CPU.Build.0 = Capture.Workflow|Any CPU
		{3F9A3D8C-6325-4317-B7C3-4F04EF554C9E}.Capture.Workflow|x64.ActiveCfg = Capture.Workflow|x64
		{3F9A3D8C-6325-4317-B7C3-4F04EF554C9E}.Capture.Workflow|x64.Build.0 = Capture.Workflow|x64
		{3F9A3D8C-6325-4317-B7C3-4F04EF554C9E}.Capture.Workflow|x86.ActiveCfg = Capture.Workflow|x86
		{3F9A3D8C-6325-4317-B7C3-4F04EF554C9E}.Capture.Workflow|x86.Build.0 = Capture.Workflow|x86
		{3F9A3D8C-6325-4317-B7C3-4F04EF554C9E}.Debug|Any CPU.ActiveCfg = Debug|Any CPU
		{3F9A3D8C-6325-4317-B7C3-4F04EF554C9E}.Debug|Any CPU.Build.0 = Debug|Any CPU
		{3F9A3D8C-6325-4317-B7C3-4F04EF554C9E}.Debug|x64.ActiveCfg = Debug|x64
		{3F9A3D8C-6325-4317-B7C3-4F04EF554C9E}.Debug|x64.Build.0 = Debug|x64
		{3F9A3D8C-6325-4317-B7C3-4F04EF554C9E}.Debug|x86.ActiveCfg = Debug|x86
		{3F9A3D8C-6325-4317-B7C3-4F04EF554C9E}.Debug|x86.Build.0 = Debug|x86
		{3F9A3D8C-6325-4317-B7C3-4F04EF554C9E}.Release|Any CPU.ActiveCfg = Release|Any CPU
		{3F9A3D8C-6325-4317-B7C3-4F04EF554C9E}.Release|Any CPU.Build.0 = Release|Any CPU
		{3F9A3D8C-6325-4317-B7C3-4F04EF554C9E}.Release|x64.ActiveCfg = Release|x64
		{3F9A3D8C-6325-4317-B7C3-4F04EF554C9E}.Release|x64.Build.0 = Release|x64
		{3F9A3D8C-6325-4317-B7C3-4F04EF554C9E}.Release|x86.ActiveCfg = Release|x86
		{3F9A3D8C-6325-4317-B7C3-4F04EF554C9E}.Release|x86.Build.0 = Release|x86
		{E8F26BBC-4795-47B3-B89B-2296862A976C}.Capture.Workflow|Any CPU.ActiveCfg = Capture.Workflow|Any CPU
		{E8F26BBC-4795-47B3-B89B-2296862A976C}.Capture.Workflow|Any CPU.Build.0 = Capture.Workflow|Any CPU
		{E8F26BBC-4795-47B3-B89B-2296862A976C}.Capture.Workflow|x64.ActiveCfg = Capture.Workflow|x64
		{E8F26BBC-4795-47B3-B89B-2296862A976C}.Capture.Workflow|x64.Build.0 = Capture.Workflow|x64
		{E8F26BBC-4795-47B3-B89B-2296862A976C}.Capture.Workflow|x86.ActiveCfg = Capture.Workflow|x86
		{E8F26BBC-4795-47B3-B89B-2296862A976C}.Capture.Workflow|x86.Build.0 = Capture.Workflow|x86
		{E8F26BBC-4795-47B3-B89B-2296862A976C}.Debug|Any CPU.ActiveCfg = Debug|Any CPU
		{E8F26BBC-4795-47B3-B89B-2296862A976C}.Debug|Any CPU.Build.0 = Debug|Any CPU
		{E8F26BBC-4795-47B3-B89B-2296862A976C}.Debug|x64.ActiveCfg = Debug|x64
		{E8F26BBC-4795-47B3-B89B-2296862A976C}.Debug|x64.Build.0 = Debug|x64
		{E8F26BBC-4795-47B3-B89B-2296862A976C}.Debug|x86.ActiveCfg = Debug|x86
		{E8F26BBC-4795-47B3-B89B-2296862A976C}.Debug|x86.Build.0 = Debug|x86
		{E8F26BBC-4795-47B3-B89B-2296862A976C}.Release|Any CPU.ActiveCfg = Release|Any CPU
		{E8F26BBC-4795-47B3-B89B-2296862A976C}.Release|Any CPU.Build.0 = Release|Any CPU
		{E8F26BBC-4795-47B3-B89B-2296862A976C}.Release|x64.ActiveCfg = Release|x64
		{E8F26BBC-4795-47B3-B89B-2296862A976C}.Release|x64.Build.0 = Release|x64
		{E8F26BBC-4795-47B3-B89B-2296862A976C}.Release|x86.ActiveCfg = Release|x86
		{E8F26BBC-4795-47B3-B89B-2296862A976C}.Release|x86.Build.0 = Release|x86
		{468ADEDE-6F5E-40C0-99C9-C6DAC4FAC934}.Capture.Workflow|Any CPU.ActiveCfg = Debug|Any CPU
		{468ADEDE-6F5E-40C0-99C9-C6DAC4FAC934}.Capture.Workflow|Any CPU.Build.0 = Debug|Any CPU
		{468ADEDE-6F5E-40C0-99C9-C6DAC4FAC934}.Capture.Workflow|x64.ActiveCfg = Debug|Any CPU
		{468ADEDE-6F5E-40C0-99C9-C6DAC4FAC934}.Capture.Workflow|x64.Build.0 = Debug|Any CPU
		{468ADEDE-6F5E-40C0-99C9-C6DAC4FAC934}.Capture.Workflow|x86.ActiveCfg = Debug|x86
		{468ADEDE-6F5E-40C0-99C9-C6DAC4FAC934}.Capture.Workflow|x86.Build.0 = Debug|x86
		{468ADEDE-6F5E-40C0-99C9-C6DAC4FAC934}.Debug|Any CPU.ActiveCfg = Debug|Any CPU
		{468ADEDE-6F5E-40C0-99C9-C6DAC4FAC934}.Debug|Any CPU.Build.0 = Debug|Any CPU
		{468ADEDE-6F5E-40C0-99C9-C6DAC4FAC934}.Debug|x64.ActiveCfg = Debug|Any CPU
		{468ADEDE-6F5E-40C0-99C9-C6DAC4FAC934}.Debug|x64.Build.0 = Debug|Any CPU
		{468ADEDE-6F5E-40C0-99C9-C6DAC4FAC934}.Debug|x86.ActiveCfg = Debug|x86
		{468ADEDE-6F5E-40C0-99C9-C6DAC4FAC934}.Debug|x86.Build.0 = Debug|x86
		{468ADEDE-6F5E-40C0-99C9-C6DAC4FAC934}.Release|Any CPU.ActiveCfg = Release|Any CPU
		{468ADEDE-6F5E-40C0-99C9-C6DAC4FAC934}.Release|Any CPU.Build.0 = Release|Any CPU
		{468ADEDE-6F5E-40C0-99C9-C6DAC4FAC934}.Release|x64.ActiveCfg = Release|Any CPU
		{468ADEDE-6F5E-40C0-99C9-C6DAC4FAC934}.Release|x64.Build.0 = Release|Any CPU
		{468ADEDE-6F5E-40C0-99C9-C6DAC4FAC934}.Release|x86.ActiveCfg = Release|x86
		{468ADEDE-6F5E-40C0-99C9-C6DAC4FAC934}.Release|x86.Build.0 = Release|x86
		{CD20011B-67C3-45A4-B69D-C7A9E8481550}.Capture.Workflow|Any CPU.ActiveCfg = Capture.Workflow|Any CPU
		{CD20011B-67C3-45A4-B69D-C7A9E8481550}.Capture.Workflow|Any CPU.Build.0 = Capture.Workflow|Any CPU
		{CD20011B-67C3-45A4-B69D-C7A9E8481550}.Capture.Workflow|x64.ActiveCfg = Capture.Workflow|x64
		{CD20011B-67C3-45A4-B69D-C7A9E8481550}.Capture.Workflow|x64.Build.0 = Capture.Workflow|x64
		{CD20011B-67C3-45A4-B69D-C7A9E8481550}.Capture.Workflow|x86.ActiveCfg = Capture.Workflow|x86
		{CD20011B-67C3-45A4-B69D-C7A9E8481550}.Capture.Workflow|x86.Build.0 = Capture.Workflow|x86
		{CD20011B-67C3-45A4-B69D-C7A9E8481550}.Debug|Any CPU.ActiveCfg = Debug|Any CPU
		{CD20011B-67C3-45A4-B69D-C7A9E8481550}.Debug|Any CPU.Build.0 = Debug|Any CPU
		{CD20011B-67C3-45A4-B69D-C7A9E8481550}.Debug|x64.ActiveCfg = Debug|x64
		{CD20011B-67C3-45A4-B69D-C7A9E8481550}.Debug|x64.Build.0 = Debug|x64
		{CD20011B-67C3-45A4-B69D-C7A9E8481550}.Debug|x86.ActiveCfg = Debug|x86
		{CD20011B-67C3-45A4-B69D-C7A9E8481550}.Debug|x86.Build.0 = Debug|x86
		{CD20011B-67C3-45A4-B69D-C7A9E8481550}.Release|Any CPU.ActiveCfg = Release|Any CPU
		{CD20011B-67C3-45A4-B69D-C7A9E8481550}.Release|Any CPU.Build.0 = Release|Any CPU
		{CD20011B-67C3-45A4-B69D-C7A9E8481550}.Release|x64.ActiveCfg = Release|x64
		{CD20011B-67C3-45A4-B69D-C7A9E8481550}.Release|x64.Build.0 = Release|x64
		{CD20011B-67C3-45A4-B69D-C7A9E8481550}.Release|x86.ActiveCfg = Release|x86
		{CD20011B-67C3-45A4-B69D-C7A9E8481550}.Release|x86.Build.0 = Release|x86
	EndGlobalSection
	GlobalSection(SolutionProperties) = preSolution
		HideSolutionNode = FALSE
	EndGlobalSection
	GlobalSection(ExtensibilityGlobals) = postSolution
		SolutionGuid = {76224C15-0962-4F27-AB0E-26B21A8F36BF}
	EndGlobalSection
EndGlobal
